
Microsoft Visual Studio Solution File, Format Version 12.00
# Visual Studio Version 16
VisualStudioVersion = 16.0.29418.71
MinimumVisualStudioVersion = 10.0.40219.1
Project("{9A19103F-16F7-4668-BE54-9A1E7A4F7556}") = "FastNet.Framework.Dapper", "FastNet.Framework.Dapper\FastNet.Framework.Dapper.csproj", "{28C76F8A-D729-4139-B330-CDFF6D138468}"
EndProject
Project("{9A19103F-16F7-4668-BE54-9A1E7A4F7556}") = "FastNet.Framework.RabbitMQ", "FastNet.Framework.RabbitMQ\FastNet.Framework.RabbitMQ.csproj", "{F74C8B43-E336-4E63-916A-E7A41D8D9FBC}"
EndProject
Project("{2150E333-8FDC-42A3-9474-1A3956D46DE8}") = "Test", "Test", "{F9AB4B50-A92B-4FE5-AA61-CBF5630885BD}"
EndProject
Project("{9A19103F-16F7-4668-BE54-9A1E7A4F7556}") = "Test.RabbitMq.Publisher", "Test\Test.RabbitMq.Publisher\Test.RabbitMq.Publisher.csproj", "{2827A794-35DD-4628-8561-9E0787ECF6DF}"
EndProject
Project("{9A19103F-16F7-4668-BE54-9A1E7A4F7556}") = "Test.RabbitMq.Consumer", "Test\Test.RabbitMq.Consumer\Test.RabbitMq.Consumer.csproj", "{4F1D9855-C565-4871-8878-55415479C3AF}"
EndProject
Project("{9A19103F-16F7-4668-BE54-9A1E7A4F7556}") = "FastNet.Framework.Redis", "FastNet.Framework.Redis\FastNet.Framework.Redis.csproj", "{3D00C0A4-3B18-48C2-ABFE-A3BE314774D7}"
EndProject
Project("{9A19103F-16F7-4668-BE54-9A1E7A4F7556}") = "FastNet.Framework.Mongo", "FastNet.Framework.Mongo\FastNet.Framework.Mongo.csproj", "{C0F58327-7EA0-4875-9DBB-87619098C825}"
EndProject
Project("{9A19103F-16F7-4668-BE54-9A1E7A4F7556}") = "Test.Redis", "Test\Test.Redis\Test.Redis.csproj", "{373DA5E0-C6A8-42F7-BCBC-3D1B3FADA505}"
EndProject
Project("{9A19103F-16F7-4668-BE54-9A1E7A4F7556}") = "FastNet.Framework.NetCrawler", "FastNet.Framework.NetCrawler\FastNet.Framework.NetCrawler.csproj", "{365FB839-4DC2-47A6-8D5D-79B05DC4F218}"
EndProject
Project("{9A19103F-16F7-4668-BE54-9A1E7A4F7556}") = "FastNet.Framework.JwtAuthorize", "FastNet.Framework.JwtAuthorize\FastNet.Framework.JwtAuthorize.csproj", "{4AB16DE2-E308-4086-9B66-ACD5E9B95D7D}"
EndProject
Project("{9A19103F-16F7-4668-BE54-9A1E7A4F7556}") = "FastNet.Framework.Consul", "FastNet.Framework.Consul\FastNet.Framework.Consul.csproj", "{58EA09DF-F16D-464E-AB51-116BB6951D50}"
EndProject
Project("{9A19103F-16F7-4668-BE54-9A1E7A4F7556}") = "Test.Consul.A", "Test\Test.Consul.A\Test.Consul.A.csproj", "{20A5332E-FE3D-45B9-BF99-F4C8E93F3646}"
EndProject
Project("{9A19103F-16F7-4668-BE54-9A1E7A4F7556}") = "Test.Consul.B", "Test\Test.Consul.B\Test.Consul.B.csproj", "{F0C469EA-7673-4B91-A99F-771C65D9F899}"
EndProject
Project("{9A19103F-16F7-4668-BE54-9A1E7A4F7556}") = "Test.JwtAuthorize", "Test\Test.JwtAuthorize\Test.JwtAuthorize.csproj", "{663910D0-44FB-4CAC-8246-E8ED7979791F}"
EndProject
Project("{9A19103F-16F7-4668-BE54-9A1E7A4F7556}") = "FastNet.Framework.Npoi", "FastNet.Framework.Npoi\FastNet.Framework.Npoi.csproj", "{2922B0A8-3138-4A26-9538-1C41BEEA7CA9}"
EndProject
Project("{FAE04EC0-301F-11D3-BF4B-00C04F79EFBC}") = "Test.Npoi", "Test\Test.Npoi\Test.Npoi.csproj", "{66F02DF0-9F6D-4636-85D9-60D1B48AFD0D}"
EndProject
Global
	GlobalSection(SolutionConfigurationPlatforms) = preSolution
		Debug|Any CPU = Debug|Any CPU
		Release|Any CPU = Release|Any CPU
	EndGlobalSection
	GlobalSection(ProjectConfigurationPlatforms) = postSolution
		{28C76F8A-D729-4139-B330-CDFF6D138468}.Debug|Any CPU.ActiveCfg = Debug|Any CPU
		{28C76F8A-D729-4139-B330-CDFF6D138468}.Debug|Any CPU.Build.0 = Debug|Any CPU
		{28C76F8A-D729-4139-B330-CDFF6D138468}.Release|Any CPU.ActiveCfg = Release|Any CPU
		{28C76F8A-D729-4139-B330-CDFF6D138468}.Release|Any CPU.Build.0 = Release|Any CPU
		{F74C8B43-E336-4E63-916A-E7A41D8D9FBC}.Debug|Any CPU.ActiveCfg = Debug|Any CPU
		{F74C8B43-E336-4E63-916A-E7A41D8D9FBC}.Debug|Any CPU.Build.0 = Debug|Any CPU
		{F74C8B43-E336-4E63-916A-E7A41D8D9FBC}.Release|Any CPU.ActiveCfg = Release|Any CPU
		{F74C8B43-E336-4E63-916A-E7A41D8D9FBC}.Release|Any CPU.Build.0 = Release|Any CPU
		{2827A794-35DD-4628-8561-9E0787ECF6DF}.Debug|Any CPU.ActiveCfg = Debug|Any CPU
		{2827A794-35DD-4628-8561-9E0787ECF6DF}.Debug|Any CPU.Build.0 = Debug|Any CPU
		{2827A794-35DD-4628-8561-9E0787ECF6DF}.Release|Any CPU.ActiveCfg = Release|Any CPU
		{2827A794-35DD-4628-8561-9E0787ECF6DF}.Release|Any CPU.Build.0 = Release|Any CPU
		{4F1D9855-C565-4871-8878-55415479C3AF}.Debug|Any CPU.ActiveCfg = Debug|Any CPU
		{4F1D9855-C565-4871-8878-55415479C3AF}.Debug|Any CPU.Build.0 = Debug|Any CPU
		{4F1D9855-C565-4871-8878-55415479C3AF}.Release|Any CPU.ActiveCfg = Release|Any CPU
		{4F1D9855-C565-4871-8878-55415479C3AF}.Release|Any CPU.Build.0 = Release|Any CPU
		{3D00C0A4-3B18-48C2-ABFE-A3BE314774D7}.Debug|Any CPU.ActiveCfg = Debug|Any CPU
		{3D00C0A4-3B18-48C2-ABFE-A3BE314774D7}.Debug|Any CPU.Build.0 = Debug|Any CPU
		{3D00C0A4-3B18-48C2-ABFE-A3BE314774D7}.Release|Any CPU.ActiveCfg = Release|Any CPU
		{3D00C0A4-3B18-48C2-ABFE-A3BE314774D7}.Release|Any CPU.Build.0 = Release|Any CPU
		{C0F58327-7EA0-4875-9DBB-87619098C825}.Debug|Any CPU.ActiveCfg = Debug|Any CPU
		{C0F58327-7EA0-4875-9DBB-87619098C825}.Debug|Any CPU.Build.0 = Debug|Any CPU
		{C0F58327-7EA0-4875-9DBB-87619098C825}.Release|Any CPU.ActiveCfg = Release|Any CPU
		{C0F58327-7EA0-4875-9DBB-87619098C825}.Release|Any CPU.Build.0 = Release|Any CPU
		{373DA5E0-C6A8-42F7-BCBC-3D1B3FADA505}.Debug|Any CPU.ActiveCfg = Debug|Any CPU
		{373DA5E0-C6A8-42F7-BCBC-3D1B3FADA505}.Debug|Any CPU.Build.0 = Debug|Any CPU
		{373DA5E0-C6A8-42F7-BCBC-3D1B3FADA505}.Release|Any CPU.ActiveCfg = Release|Any CPU
		{373DA5E0-C6A8-42F7-BCBC-3D1B3FADA505}.Release|Any CPU.Build.0 = Release|Any CPU
		{365FB839-4DC2-47A6-8D5D-79B05DC4F218}.Debug|Any CPU.ActiveCfg = Debug|Any CPU
		{365FB839-4DC2-47A6-8D5D-79B05DC4F218}.Debug|Any CPU.Build.0 = Debug|Any CPU
		{365FB839-4DC2-47A6-8D5D-79B05DC4F218}.Release|Any CPU.ActiveCfg = Release|Any CPU
		{365FB839-4DC2-47A6-8D5D-79B05DC4F218}.Release|Any CPU.Build.0 = Release|Any CPU
		{4AB16DE2-E308-4086-9B66-ACD5E9B95D7D}.Debug|Any CPU.ActiveCfg = Debug|Any CPU
		{4AB16DE2-E308-4086-9B66-ACD5E9B95D7D}.Debug|Any CPU.Build.0 = Debug|Any CPU
		{4AB16DE2-E308-4086-9B66-ACD5E9B95D7D}.Release|Any CPU.ActiveCfg = Release|Any CPU
		{4AB16DE2-E308-4086-9B66-ACD5E9B95D7D}.Release|Any CPU.Build.0 = Release|Any CPU
		{58EA09DF-F16D-464E-AB51-116BB6951D50}.Debug|Any CPU.ActiveCfg = Debug|Any CPU
		{58EA09DF-F16D-464E-AB51-116BB6951D50}.Debug|Any CPU.Build.0 = Debug|Any CPU
		{58EA09DF-F16D-464E-AB51-116BB6951D50}.Release|Any CPU.ActiveCfg = Release|Any CPU
		{58EA09DF-F16D-464E-AB51-116BB6951D50}.Release|Any CPU.Build.0 = Release|Any CPU
		{20A5332E-FE3D-45B9-BF99-F4C8E93F3646}.Debug|Any CPU.ActiveCfg = Debug|Any CPU
		{20A5332E-FE3D-45B9-BF99-F4C8E93F3646}.Debug|Any CPU.Build.0 = Debug|Any CPU
		{20A5332E-FE3D-45B9-BF99-F4C8E93F3646}.Release|Any CPU.ActiveCfg = Release|Any CPU
		{20A5332E-FE3D-45B9-BF99-F4C8E93F3646}.Release|Any CPU.Build.0 = Release|Any CPU
		{F0C469EA-7673-4B91-A99F-771C65D9F899}.Debug|Any CPU.ActiveCfg = Debug|Any CPU
		{F0C469EA-7673-4B91-A99F-771C65D9F899}.Debug|Any CPU.Build.0 = Debug|Any CPU
		{F0C469EA-7673-4B91-A99F-771C65D9F899}.Release|Any CPU.ActiveCfg = Release|Any CPU
		{F0C469EA-7673-4B91-A99F-771C65D9F899}.Release|Any CPU.Build.0 = Release|Any CPU
		{663910D0-44FB-4CAC-8246-E8ED7979791F}.Debug|Any CPU.ActiveCfg = Debug|Any CPU
		{663910D0-44FB-4CAC-8246-E8ED7979791F}.Debug|Any CPU.Build.0 = Debug|Any CPU
		{663910D0-44FB-4CAC-8246-E8ED7979791F}.Release|Any CPU.ActiveCfg = Release|Any CPU
		{663910D0-44FB-4CAC-8246-E8ED7979791F}.Release|Any CPU.Build.0 = Release|Any CPU
		{2922B0A8-3138-4A26-9538-1C41BEEA7CA9}.Debug|Any CPU.ActiveCfg = Debug|Any CPU
		{2922B0A8-3138-4A26-9538-1C41BEEA7CA9}.Debug|Any CPU.Build.0 = Debug|Any CPU
		{2922B0A8-3138-4A26-9538-1C41BEEA7CA9}.Release|Any CPU.ActiveCfg = Release|Any CPU
		{2922B0A8-3138-4A26-9538-1C41BEEA7CA9}.Release|Any CPU.Build.0 = Release|Any CPU
		{66F02DF0-9F6D-4636-85D9-60D1B48AFD0D}.Debug|Any CPU.ActiveCfg = Debug|Any CPU
		{66F02DF0-9F6D-4636-85D9-60D1B48AFD0D}.Debug|Any CPU.Build.0 = Debug|Any CPU
		{66F02DF0-9F6D-4636-85D9-60D1B48AFD0D}.Release|Any CPU.ActiveCfg = Release|Any CPU
		{66F02DF0-9F6D-4636-85D9-60D1B48AFD0D}.Release|Any CPU.Build.0 = Release|Any CPU
	EndGlobalSection
	GlobalSection(SolutionProperties) = preSolution
		HideSolutionNode = FALSE
	EndGlobalSection
	GlobalSection(NestedProjects) = preSolution
		{2827A794-35DD-4628-8561-9E0787ECF6DF} = {F9AB4B50-A92B-4FE5-AA61-CBF5630885BD}
		{4F1D9855-C565-4871-8878-55415479C3AF} = {F9AB4B50-A92B-4FE5-AA61-CBF5630885BD}
		{373DA5E0-C6A8-42F7-BCBC-3D1B3FADA505} = {F9AB4B50-A92B-4FE5-AA61-CBF5630885BD}
		{20A5332E-FE3D-45B9-BF99-F4C8E93F3646} = {F9AB4B50-A92B-4FE5-AA61-CBF5630885BD}
		{F0C469EA-7673-4B91-A99F-771C65D9F899} = {F9AB4B50-A92B-4FE5-AA61-CBF5630885BD}
		{663910D0-44FB-4CAC-8246-E8ED7979791F} = {F9AB4B50-A92B-4FE5-AA61-CBF5630885BD}
		{66F02DF0-9F6D-4636-85D9-60D1B48AFD0D} = {F9AB4B50-A92B-4FE5-AA61-CBF5630885BD}
	EndGlobalSection
	GlobalSection(ExtensibilityGlobals) = postSolution
		SolutionGuid = {376F4A8D-BEE8-41B1-BDFC-A96E4447563A}
	EndGlobalSection
EndGlobal
